{
  "name": "wx-mangement",
  "version": "1.0.0",
  "lockfileVersion": 1,
  "requires": true,
  "dependencies": {
    "@vant/weapp": {
      "version": "1.6.9",
      "resolved": "https://registry.npmjs.org/@vant/weapp/-/weapp-1.6.9.tgz",
      "integrity": "sha512-d7hvWjs1cjlM4PjEAhBhbtdejqcltbIptw4/qfDC1RZUp+t7eYEDX/aRUZgtPAwTnipRXJPOyQIdf8K9jYUI/g=="
    },
    "weui-miniprogram": {
      "version": "1.0.5",
      "resolved": "https://registry.npmjs.org/weui-miniprogram/-/weui-miniprogram-1.0.5.tgz",
      "integrity": "sha512-w0dNYwZwt1lmeAsH/5xP/RNxBgXDNfiZ5bsvh2MPamNhwGmj1eRU5l3ojV7Ev0mYjCWxjmNvzcv4mfI0U2R5Tg=="
    }
  }
}
